
Microsoft Visual Studio Solution File, Format Version 12.00
# Visual Studio Version 17
VisualStudioVersion = 17.0.31903.59
MinimumVisualStudioVersion = 10.0.40219.1
Project("{2150E333-8FDC-42A3-9474-1A3956D46DE8}") = "src", "src", "{CDC06D1D-FA46-4916-9A58-6BF3B3FDE410}"
EndProject
Project("{F2A71F9B-5D33-465A-A702-920D77279786}") = "SimpleSceneGraph", "src\SimpleSceneGraph\SimpleSceneGraph.fsproj", "{3D9C4683-53E1-40F2-B44D-E7BC01B6B4C2}"
EndProject
Project("{F2A71F9B-5D33-465A-A702-920D77279786}") = "Interactions", "src\Interactions\Interactions.fsproj", "{B6C6CCCC-0F68-49F9-9D0C-40CFA62C091B}"
EndProject
Project("{2150E333-8FDC-42A3-9474-1A3956D46DE8}") = "Solution Items", "Solution Items", "{A9F26208-C059-42B3-BD3C-C9B63CB368FE}"
	ProjectSection(SolutionItems) = preProject
		global.json = global.json
		paket.dependencies = paket.dependencies
		paket.lock = paket.lock
	EndProjectSection
EndProject
Global
	GlobalSection(SolutionConfigurationPlatforms) = preSolution
		Debug|Any CPU = Debug|Any CPU
		Release|Any CPU = Release|Any CPU
	EndGlobalSection
	GlobalSection(SolutionProperties) = preSolution
		HideSolutionNode = FALSE
	EndGlobalSection
	GlobalSection(ProjectConfigurationPlatforms) = postSolution
		{3D9C4683-53E1-40F2-B44D-E7BC01B6B4C2}.Debug|Any CPU.ActiveCfg = Debug|Any CPU
		{3D9C4683-53E1-40F2-B44D-E7BC01B6B4C2}.Debug|Any CPU.Build.0 = Debug|Any CPU
		{3D9C4683-53E1-40F2-B44D-E7BC01B6B4C2}.Release|Any CPU.ActiveCfg = Release|Any CPU
		{3D9C4683-53E1-40F2-B44D-E7BC01B6B4C2}.Release|Any CPU.Build.0 = Release|Any CPU
		{B6C6CCCC-0F68-49F9-9D0C-40CFA62C091B}.Debug|Any CPU.ActiveCfg = Debug|Any CPU
		{B6C6CCCC-0F68-49F9-9D0C-40CFA62C091B}.Debug|Any CPU.Build.0 = Debug|Any CPU
		{B6C6CCCC-0F68-49F9-9D0C-40CFA62C091B}.Release|Any CPU.ActiveCfg = Release|Any CPU
		{B6C6CCCC-0F68-49F9-9D0C-40CFA62C091B}.Release|Any CPU.Build.0 = Release|Any CPU
	EndGlobalSection
	GlobalSection(NestedProjects) = preSolution
		{3D9C4683-53E1-40F2-B44D-E7BC01B6B4C2} = {CDC06D1D-FA46-4916-9A58-6BF3B3FDE410}
		{B6C6CCCC-0F68-49F9-9D0C-40CFA62C091B} = {CDC06D1D-FA46-4916-9A58-6BF3B3FDE410}
	EndGlobalSection
EndGlobal
